
Microsoft Visual Studio Solution File, Format Version 12.00
Project("{FAE04EC0-301F-11D3-BF4B-00C04F79EFBC}") = "Project_First", "Project_First\Project_First.csproj", "{0F23F942-CDB2-4C84-AB93-997DBC9B7890}"
EndProject
Global
	GlobalSection(SolutionConfigurationPlatforms) = preSolution
		Debug|Any CPU = Debug|Any CPU
		Release|Any CPU = Release|Any CPU
	EndGlobalSection
	GlobalSection(ProjectConfigurationPlatforms) = postSolution
		{0F23F942-CDB2-4C84-AB93-997DBC9B7890}.Debug|Any CPU.ActiveCfg = Debug|Any CPU
		{0F23F942-CDB2-4C84-AB93-997DBC9B7890}.Debug|Any CPU.Build.0 = Debug|Any CPU
		{0F23F942-CDB2-4C84-AB93-997DBC9B7890}.Release|Any CPU.ActiveCfg = Release|Any CPU
		{0F23F942-CDB2-4C84-AB93-997DBC9B7890}.Release|Any CPU.Build.0 = Release|Any CPU
	EndGlobalSection
EndGlobal
